{
  "version": 1,
  "dependencies": {
    ".NETFramework,Version=v4.6.2": {
      "NUnit": {
        "type": "Direct",
        "requested": "[3.13.3, )",
        "resolved": "3.13.3",
        "contentHash": "KNPDpls6EfHwC3+nnA67fh5wpxeLb3VLFAfLxrug6JMYDLHH6InaQIWR7Sc3y75d/9IKzMksH/gi08W7XWbmnQ=="
      },
      "NUnit3TestAdapter": {
        "type": "Direct",
        "requested": "[4.3.1, )",
        "resolved": "4.3.1",
        "contentHash": "R+bGFtsUpLWywjT1nb3xMmoVa2AIw6ClIGC+XjW9lYE8hwJeos+NdR/mtg4RXbBphmC9epALrnUc6MM7mUG8+Q=="
      },
      "Digitalroot.Valheim.Common.Json": {
        "type": "Transitive",
        "resolved": "1.0.27",
        "contentHash": "QMSuHHNyU6vrKQ2jEs6Gd9uLLzzKSGqzIRGdZD4JNL150SExUTPlvS3HIl3YM+B5lU2HZgZnuK+Gt6cyEE76GQ==",
        "dependencies": {
          "Digitalroot.Valheim.Common.References": "0.212.16",
          "fastJSON": "2.4.0.4"
        }
      },
      "Digitalroot.Valheim.Common.Log": {
        "type": "Transitive",
        "resolved": "1.1.37",
        "contentHash": "bjsuoXXVAPNIG9AzRBM6IjELDugfpbKrQUvkLYZdguAAQuon3tkXlSw9Qs2FEUDA5BM2vw+kDGGI/QBweoIltw==",
        "dependencies": {
          "Digitalroot.Valheim.Common.Json": "1.0.27"
        }
      },
      "fastJSON": {
        "type": "Transitive",
        "resolved": "2.4.0.4",
        "contentHash": "lbxY+miTOvCNbNfOk8HcbmBD9F6wv2dRKZlMjtJBm6rjA5vFKXBYtR6eoIe96HnCHOE1nCJbMsaZDKGNPg5mIA=="
      },
      "digitalroot.valheim.common.utils": {
        "type": "Project",
        "dependencies": {
          "Digitalroot.Valheim.Common.Log": "[1.1.37, )"
        }
      }
    }
  }
}