{
  "version": 1,
  "dependencies": {
    ".NETFramework,Version=v4.6.2": {
      "BepInEx.Core": {
        "type": "Direct",
        "requested": "[5.4.17, )",
        "resolved": "5.4.17",
        "contentHash": "f0UCf6tZxdhPrcHAgj/wQNz5V9RAAV0elgvgaFl8wFjaEdiKLxepkxdV0Y8Xuprm+AVrQUGcaSIhTBQvpRzk+g==",
        "dependencies": {
          "BepInEx.BaseLib": "5.4.17",
          "HarmonyX": "2.5.5"
        }
      },
      "Digitalroot.Valheim.Common.Log": {
        "type": "Direct",
        "requested": "[1.1.16, )",
        "resolved": "1.1.16",
        "contentHash": "8T5S2izio6axGNIMJcKo4bfd0ov2S57obpuAxxgNVPCbNWx8aFB3JtUslC3pZNmH9cGHxlJoLfDCTrhm36rNpw==",
        "dependencies": {
          "Digitalroot.Valheim.Common.Json": "1.0.15"
        }
      },
      "Digitalroot.Valheim.Common.References": {
        "type": "Direct",
        "requested": "[0.205.7, )",
        "resolved": "0.205.7",
        "contentHash": "iUIYAsg5HXZj3S4yhUECEuZJk98X8RG75wkJrlmIvfriwIZgV57wt4S6ym3KQNHvx87sxSbU3raSPMPTSfi0hw=="
      },
      "BepInEx.BaseLib": {
        "type": "Transitive",
        "resolved": "5.4.17",
        "contentHash": "92N4BKDiF9KO8kXbY2+zp7dHNXZP3WBKhzw7U8orcYncutD7peHtuLfUdMW4PGY/d0SsoA5eOcBeklFuh7OS8A=="
      },
      "Digitalroot.Valheim.Common.Json": {
        "type": "Transitive",
        "resolved": "1.0.15",
        "contentHash": "AHEPM0ApZBBf1H2TINqbNC7+iIzeYPJepxfYrmDwU20p5pwIC88w7Pm4k9A9UQPbnTeFX4qgtrzVKa3v145D1w==",
        "dependencies": {
          "UnityEngine.Modules": "[2019.4.31]",
          "fastJSON": "2.4.0.4"
        }
      },
      "fastJSON": {
        "type": "Transitive",
        "resolved": "2.4.0.4",
        "contentHash": "lbxY+miTOvCNbNfOk8HcbmBD9F6wv2dRKZlMjtJBm6rjA5vFKXBYtR6eoIe96HnCHOE1nCJbMsaZDKGNPg5mIA=="
      },
      "HarmonyX": {
        "type": "Transitive",
        "resolved": "2.5.5",
        "contentHash": "sQTQhNCwbob8JnnLsJibcorfjQGi2ziseb8uIOtyWrIv/RrbH1bJiwwX6hyLHCrgLMbzBd5Z15SukTXlmfcYLQ==",
        "dependencies": {
          "MonoMod.RuntimeDetour": "21.8.19.1"
        }
      },
      "Mono.Cecil": {
        "type": "Transitive",
        "resolved": "0.11.4",
        "contentHash": "IC1h5g0NeJGHIUgzM1P82ld57knhP0IcQfrYITDPXlNpMYGUrsG5TxuaWTjaeqDNQMBDNZkB8L0rBnwsY6JHuQ=="
      },
      "MonoMod.RuntimeDetour": {
        "type": "Transitive",
        "resolved": "21.8.19.1",
        "contentHash": "fUEvDK4q9n+GAAB29vFKAsUIwhKAvZTVbn2WJemzLxbiTElutZ55ytUQxSSv6XhiRaJXrl5bSArO54PY0QNplw==",
        "dependencies": {
          "Mono.Cecil": "0.11.4",
          "MonoMod.Utils": "21.8.19.1"
        }
      },
      "MonoMod.Utils": {
        "type": "Transitive",
        "resolved": "21.8.19.1",
        "contentHash": "HsH5TBMUdJmQtdINdYFG5a3BvCeGPezDX42qgv+h539drpNdD+qE7/NT6BtcmDI+y6VSVClFdnzcVNrOvTSfWQ==",
        "dependencies": {
          "Mono.Cecil": "0.11.4"
        }
      },
      "UnityEngine.Modules": {
        "type": "Transitive",
        "resolved": "2019.4.31",
        "contentHash": "xZjdfGGzZw6nnrn4auRNis6WnAlsvqY1XXioEGJnSku+CylESgEt/sTLYlrbrQ0srnLfSCfx80vR8z4SsI1EuQ=="
      }
    }
  }
}